
Microsoft Visual Studio Solution File, Format Version 12.00
# Visual Studio Version 17
VisualStudioVersion = 17.13.35818.85 d17.13
MinimumVisualStudioVersion = 10.0.40219.1
Project("{FAE04EC0-301F-11D3-BF4B-00C04F79EFBC}") = "InventorySystemWebUI", "InventorySystemWebUI\InventorySystemWebUI.csproj", "{F76C852B-D1B9-4227-B8A3-4E0FB6342200}"
EndProject
Global
	GlobalSection(SolutionConfigurationPlatforms) = preSolution
		Debug|Any CPU = Debug|Any CPU
		Release|Any CPU = Release|Any CPU
	EndGlobalSection
	GlobalSection(ProjectConfigurationPlatforms) = postSolution
		{F76C852B-D1B9-4227-B8A3-4E0FB6342200}.Debug|Any CPU.ActiveCfg = Debug|Any CPU
		{F76C852B-D1B9-4227-B8A3-4E0FB6342200}.Debug|Any CPU.Build.0 = Debug|Any CPU
		{F76C852B-D1B9-4227-B8A3-4E0FB6342200}.Release|Any CPU.ActiveCfg = Release|Any CPU
		{F76C852B-D1B9-4227-B8A3-4E0FB6342200}.Release|Any CPU.Build.0 = Release|Any CPU
	EndGlobalSection
	GlobalSection(SolutionProperties) = preSolution
		HideSolutionNode = FALSE
	EndGlobalSection
	GlobalSection(ExtensibilityGlobals) = postSolution
		SolutionGuid = {D1AD14D2-7EC9-4C00-98EC-2858AC0344D7}
	EndGlobalSection
EndGlobal
